// !$*UTF8*$!
{
	archiveVersion = 1;
	classes = {
	};
	objectVersion = 56;
	objects = {

/* Begin PBXBuildFile section */
		9211B0E12C6BCB450097AF77 /* ToDoListApp.swift in Sources */ = {isa = PBXBuildFile; fileRef = 9211B0E02C6BCB450097AF77 /* ToDoListApp.swift */; };
		9211B0E32C6BCB450097AF77 /* MainView.swift in Sources */ = {isa = PBXBuildFile; fileRef = 9211B0E22C6BCB450097AF77 /* MainView.swift */; };
		9211B0E52C6BCB460097AF77 /* Assets.xcassets in Resources */ = {isa = PBXBuildFile; fileRef = 9211B0E42C6BCB460097AF77 /* Assets.xcassets */; };
		9211B0E82C6BCB460097AF77 /* Preview Assets.xcassets in Resources */ = {isa = PBXBuildFile; fileRef = 9211B0E72C6BCB460097AF77 /* Preview Assets.xcassets */; };
		9211B0EF2C6BCBCE0097AF77 /* GoogleService-Info.plist in Resources */ = {isa = PBXBuildFile; fileRef = 9211B0EE2C6BCBCE0097AF77 /* GoogleService-Info.plist */; };
		9211B0F22C6BCDA50097AF77 /* FirebaseAnalytics in Frameworks */ = {isa = PBXBuildFile; productRef = 9211B0F12C6BCDA50097AF77 /* FirebaseAnalytics */; };
		9211B0F42C6BCDA50097AF77 /* FirebaseAnalyticsSwift in Frameworks */ = {isa = PBXBuildFile; productRef = 9211B0F32C6BCDA50097AF77 /* FirebaseAnalyticsSwift */; };
		9211B0F62C6BCDA50097AF77 /* FirebaseAuth in Frameworks */ = {isa = PBXBuildFile; productRef = 9211B0F52C6BCDA50097AF77 /* FirebaseAuth */; };
		9211B0F82C6BCDA50097AF77 /* FirebaseFirestore in Frameworks */ = {isa = PBXBuildFile; productRef = 9211B0F72C6BCDA50097AF77 /* FirebaseFirestore */; };
		9211B0FA2C6BCDA50097AF77 /* FirebaseFirestoreSwift in Frameworks */ = {isa = PBXBuildFile; productRef = 9211B0F92C6BCDA50097AF77 /* FirebaseFirestoreSwift */; };
		9211B1002C6BD30B0097AF77 /* ProfileView.swift in Sources */ = {isa = PBXBuildFile; fileRef = 9211B0FF2C6BD30B0097AF77 /* ProfileView.swift */; };
		9211B1042C6BD34B0097AF77 /* ToDoListItemView.swift in Sources */ = {isa = PBXBuildFile; fileRef = 9211B1032C6BD34B0097AF77 /* ToDoListItemView.swift */; };
		9211B1062C6BD35B0097AF77 /* NewItemView.swift in Sources */ = {isa = PBXBuildFile; fileRef = 9211B1052C6BD35B0097AF77 /* NewItemView.swift */; };
		9211B1082C6BD3680097AF77 /* LoginView.swift in Sources */ = {isa = PBXBuildFile; fileRef = 9211B1072C6BD3680097AF77 /* LoginView.swift */; };
		9211B10A2C6BD37B0097AF77 /* RegisterView.swift in Sources */ = {isa = PBXBuildFile; fileRef = 9211B1092C6BD37B0097AF77 /* RegisterView.swift */; };
		9211B10C2C6BDB5C0097AF77 /* ToDoListView.swift in Sources */ = {isa = PBXBuildFile; fileRef = 9211B10B2C6BDB5C0097AF77 /* ToDoListView.swift */; };
		9211B10E2C6BDBA00097AF77 /* user.swift in Sources */ = {isa = PBXBuildFile; fileRef = 9211B10D2C6BDBA00097AF77 /* user.swift */; };
		9211B1102C6BDBB90097AF77 /* ToDoListItem.swift in Sources */ = {isa = PBXBuildFile; fileRef = 9211B10F2C6BDBB90097AF77 /* ToDoListItem.swift */; };
		9211B1122C6BDC270097AF77 /* MainViewViewModel.swift in Sources */ = {isa = PBXBuildFile; fileRef = 9211B1112C6BDC270097AF77 /* MainViewViewModel.swift */; };
		9211B1142C6BDC470097AF77 /* ProfileViewViewModel.swift in Sources */ = {isa = PBXBuildFile; fileRef = 9211B1132C6BDC470097AF77 /* ProfileViewViewModel.swift */; };
		9211B1162C6BDC6B0097AF77 /* ToDoListViewViewModel.swift in Sources */ = {isa = PBXBuildFile; fileRef = 9211B1152C6BDC6B0097AF77 /* ToDoListViewViewModel.swift */; };
		9211B1182C6BDC900097AF77 /* NewItemViewViewModel.swift in Sources */ = {isa = PBXBuildFile; fileRef = 9211B1172C6BDC900097AF77 /* NewItemViewViewModel.swift */; };
		9211B11A2C6BDCA40097AF77 /* LoginViewViewModel.swift in Sources */ = {isa = PBXBuildFile; fileRef = 9211B1192C6BDCA40097AF77 /* LoginViewViewModel.swift */; };
		9211B11C2C6BDCB20097AF77 /* RegisterViewViewModel.swift in Sources */ = {isa = PBXBuildFile; fileRef = 9211B11B2C6BDCB20097AF77 /* RegisterViewViewModel.swift */; };
		9211B11E2C6BDCC80097AF77 /* ToDolistItemViewViewModel.swift in Sources */ = {isa = PBXBuildFile; fileRef = 9211B11D2C6BDCC80097AF77 /* ToDolistItemViewViewModel.swift */; };
/* End PBXBuildFile section */

/* Begin PBXFileReference section */
		9211B0DD2C6BCB450097AF77 /* ToDoList.app */ = {isa = PBXFileReference; explicitFileType = wrapper.application; includeInIndex = 0; path = ToDoList.app; sourceTree = BUILT_PRODUCTS_DIR; };
		9211B0E02C6BCB450097AF77 /* ToDoListApp.swift */ = {isa = PBXFileReference; lastKnownFileType = sourcecode.swift; path = ToDoListApp.swift; sourceTree = "<group>"; };
		9211B0E22C6BCB450097AF77 /* MainView.swift */ = {isa = PBXFileReference; lastKnownFileType = sourcecode.swift; path = MainView.swift; sourceTree = "<group>"; };
		9211B0E42C6BCB460097AF77 /* Assets.xcassets */ = {isa = PBXFileReference; lastKnownFileType = folder.assetcatalog; path = Assets.xcassets; sourceTree = "<group>"; };
		9211B0E72C6BCB460097AF77 /* Preview Assets.xcassets */ = {isa = PBXFileReference; lastKnownFileType = folder.assetcatalog; path = "Preview Assets.xcassets"; sourceTree = "<group>"; };
		9211B0EE2C6BCBCE0097AF77 /* GoogleService-Info.plist */ = {isa = PBXFileReference; fileEncoding = 4; lastKnownFileType = text.plist.xml; path = "GoogleService-Info.plist"; sourceTree = "<group>"; };
		9211B0FF2C6BD30B0097AF77 /* ProfileView.swift */ = {isa = PBXFileReference; lastKnownFileType = sourcecode.swift; path = ProfileView.swift; sourceTree = "<group>"; };
		9211B1032C6BD34B0097AF77 /* ToDoListItemView.swift */ = {isa = PBXFileReference; lastKnownFileType = sourcecode.swift; path = ToDoListItemView.swift; sourceTree = "<group>"; };
		9211B1052C6BD35B0097AF77 /* NewItemView.swift */ = {isa = PBXFileReference; lastKnownFileType = sourcecode.swift; path = NewItemView.swift; sourceTree = "<group>"; };
		9211B1072C6BD3680097AF77 /* LoginView.swift */ = {isa = PBXFileReference; lastKnownFileType = sourcecode.swift; path = LoginView.swift; sourceTree = "<group>"; };
		9211B1092C6BD37B0097AF77 /* RegisterView.swift */ = {isa = PBXFileReference; lastKnownFileType = sourcecode.swift; path = RegisterView.swift; sourceTree = "<group>"; };
		9211B10B2C6BDB5C0097AF77 /* ToDoListView.swift */ = {isa = PBXFileReference; lastKnownFileType = sourcecode.swift; path = ToDoListView.swift; sourceTree = "<group>"; };
		9211B10D2C6BDBA00097AF77 /* user.swift */ = {isa = PBXFileReference; lastKnownFileType = sourcecode.swift; path = user.swift; sourceTree = "<group>"; };
		9211B10F2C6BDBB90097AF77 /* ToDoListItem.swift */ = {isa = PBXFileReference; lastKnownFileType = sourcecode.swift; path = ToDoListItem.swift; sourceTree = "<group>"; };
		9211B1112C6BDC270097AF77 /* MainViewViewModel.swift */ = {isa = PBXFileReference; lastKnownFileType = sourcecode.swift; path = MainViewViewModel.swift; sourceTree = "<group>"; };
		9211B1132C6BDC470097AF77 /* ProfileViewViewModel.swift */ = {isa = PBXFileReference; lastKnownFileType = sourcecode.swift; path = ProfileViewViewModel.swift; sourceTree = "<group>"; };
		9211B1152C6BDC6B0097AF77 /* ToDoListViewViewModel.swift */ = {isa = PBXFileReference; lastKnownFileType = sourcecode.swift; path = ToDoListViewViewModel.swift; sourceTree = "<group>"; };
		9211B1172C6BDC900097AF77 /* NewItemViewViewModel.swift */ = {isa = PBXFileReference; lastKnownFileType = sourcecode.swift; path = NewItemViewViewModel.swift; sourceTree = "<group>"; };
		9211B1192C6BDCA40097AF77 /* LoginViewViewModel.swift */ = {isa = PBXFileReference; lastKnownFileType = sourcecode.swift; path = LoginViewViewModel.swift; sourceTree = "<group>"; };
		9211B11B2C6BDCB20097AF77 /* RegisterViewViewModel.swift */ = {isa = PBXFileReference; lastKnownFileType = sourcecode.swift; path = RegisterViewViewModel.swift; sourceTree = "<group>"; };
		9211B11D2C6BDCC80097AF77 /* ToDolistItemViewViewModel.swift */ = {isa = PBXFileReference; lastKnownFileType = sourcecode.swift; path = ToDolistItemViewViewModel.swift; sourceTree = "<group>"; };
/* End PBXFileReference section */

/* Begin PBXFrameworksBuildPhase section */
		9211B0DA2C6BCB450097AF77 /* Frameworks */ = {
			isa = PBXFrameworksBuildPhase;
			buildActionMask = 2147483647;
			files = (
				9211B0FA2C6BCDA50097AF77 /* FirebaseFirestoreSwift in Frameworks */,
				9211B0F42C6BCDA50097AF77 /* FirebaseAnalyticsSwift in Frameworks */,
				9211B0F82C6BCDA50097AF77 /* FirebaseFirestore in Frameworks */,
				9211B0F62C6BCDA50097AF77 /* FirebaseAuth in Frameworks */,
				9211B0F22C6BCDA50097AF77 /* FirebaseAnalytics in Frameworks */,
			);
			runOnlyForDeploymentPostprocessing = 0;
		};
/* End PBXFrameworksBuildPhase section */

/* Begin PBXGroup section */
		9211B0D42C6BCB450097AF77 = {
			isa = PBXGroup;
			children = (
				9211B0DF2C6BCB450097AF77 /* ToDoList */,
				9211B0DE2C6BCB450097AF77 /* Products */,
			);
			sourceTree = "<group>";
		};
		9211B0DE2C6BCB450097AF77 /* Products */ = {
			isa = PBXGroup;
			children = (
				9211B0DD2C6BCB450097AF77 /* ToDoList.app */,
			);
			name = Products;
			sourceTree = "<group>";
		};
		9211B0DF2C6BCB450097AF77 /* ToDoList */ = {
			isa = PBXGroup;
			children = (
				9211B0FE2C6BD1CE0097AF77 /* Other */,
				9211B0FD2C6BD19F0097AF77 /* Models */,
				9211B0FC2C6BD17E0097AF77 /* ViewModels */,
				9211B0FB2C6BD1770097AF77 /* Views */,
				9211B0E62C6BCB460097AF77 /* Preview Content */,
			);
			path = ToDoList;
			sourceTree = "<group>";
		};
		9211B0E62C6BCB460097AF77 /* Preview Content */ = {
			isa = PBXGroup;
			children = (
				9211B0E72C6BCB460097AF77 /* Preview Assets.xcassets */,
			);
			path = "Preview Content";
			sourceTree = "<group>";
		};
		9211B0FB2C6BD1770097AF77 /* Views */ = {
			isa = PBXGroup;
			children = (
				9211B0E22C6BCB450097AF77 /* MainView.swift */,
				9211B0FF2C6BD30B0097AF77 /* ProfileView.swift */,
				9211B10B2C6BDB5C0097AF77 /* ToDoListView.swift */,
				9211B1032C6BD34B0097AF77 /* ToDoListItemView.swift */,
				9211B1052C6BD35B0097AF77 /* NewItemView.swift */,
				9211B1072C6BD3680097AF77 /* LoginView.swift */,
				9211B1092C6BD37B0097AF77 /* RegisterView.swift */,
			);
			path = Views;
			sourceTree = "<group>";
		};
		9211B0FC2C6BD17E0097AF77 /* ViewModels */ = {
			isa = PBXGroup;
			children = (
				9211B1112C6BDC270097AF77 /* MainViewViewModel.swift */,
				9211B1132C6BDC470097AF77 /* ProfileViewViewModel.swift */,
				9211B1152C6BDC6B0097AF77 /* ToDoListViewViewModel.swift */,
				9211B1172C6BDC900097AF77 /* NewItemViewViewModel.swift */,
				9211B1192C6BDCA40097AF77 /* LoginViewViewModel.swift */,
				9211B11B2C6BDCB20097AF77 /* RegisterViewViewModel.swift */,
				9211B11D2C6BDCC80097AF77 /* ToDolistItemViewViewModel.swift */,
			);
			path = ViewModels;
			sourceTree = "<group>";
		};
		9211B0FD2C6BD19F0097AF77 /* Models */ = {
			isa = PBXGroup;
			children = (
				9211B10D2C6BDBA00097AF77 /* user.swift */,
				9211B10F2C6BDBB90097AF77 /* ToDoListItem.swift */,
			);
			path = Models;
			sourceTree = "<group>";
		};
		9211B0FE2C6BD1CE0097AF77 /* Other */ = {
			isa = PBXGroup;
			children = (
				9211B0E42C6BCB460097AF77 /* Assets.xcassets */,
				9211B0EE2C6BCBCE0097AF77 /* GoogleService-Info.plist */,
				9211B0E02C6BCB450097AF77 /* ToDoListApp.swift */,
			);
			path = Other;
			sourceTree = "<group>";
		};
/* End PBXGroup section */

/* Begin PBXNativeTarget section */
		9211B0DC2C6BCB450097AF77 /* ToDoList */ = {
			isa = PBXNativeTarget;
			buildConfigurationList = 9211B0EB2C6BCB460097AF77 /* Build configuration list for PBXNativeTarget "ToDoList" */;
			buildPhases = (
				9211B0D92C6BCB450097AF77 /* Sources */,
				9211B0DA2C6BCB450097AF77 /* Frameworks */,
				9211B0DB2C6BCB450097AF77 /* Resources */,
			);
			buildRules = (
			);
			dependencies = (
			);
			name = ToDoList;
			packageProductDependencies = (
				9211B0F12C6BCDA50097AF77 /* FirebaseAnalytics */,
				9211B0F32C6BCDA50097AF77 /* FirebaseAnalyticsSwift */,
				9211B0F52C6BCDA50097AF77 /* FirebaseAuth */,
				9211B0F72C6BCDA50097AF77 /* FirebaseFirestore */,
				9211B0F92C6BCDA50097AF77 /* FirebaseFirestoreSwift */,
			);
			productName = ToDoList;
			productReference = 9211B0DD2C6BCB450097AF77 /* ToDoList.app */;
			productType = "com.apple.product-type.application";
		};
/* End PBXNativeTarget section */

/* Begin PBXProject section */
		9211B0D52C6BCB450097AF77 /* Project object */ = {
			isa = PBXProject;
			attributes = {
				BuildIndependentTargetsInParallel = 1;
				LastSwiftUpdateCheck = 1540;
				LastUpgradeCheck = 1540;
				TargetAttributes = {
					9211B0DC2C6BCB450097AF77 = {
						CreatedOnToolsVersion = 15.4;
					};
				};
			};
			buildConfigurationList = 9211B0D82C6BCB450097AF77 /* Build configuration list for PBXProject "ToDoList" */;
			compatibilityVersion = "Xcode 14.0";
			developmentRegion = en;
			hasScannedForEncodings = 0;
			knownRegions = (
				en,
				Base,
			);
			mainGroup = 9211B0D42C6BCB450097AF77;
			packageReferences = (
				9211B0F02C6BCDA50097AF77 /* XCRemoteSwiftPackageReference "firebase-ios-sdk" */,
			);
			productRefGroup = 9211B0DE2C6BCB450097AF77 /* Products */;
			projectDirPath = "";
			projectRoot = "";
			targets = (
				9211B0DC2C6BCB450097AF77 /* ToDoList */,
			);
		};
/* End PBXProject section */

/* Begin PBXResourcesBuildPhase section */
		9211B0DB2C6BCB450097AF77 /* Resources */ = {
			isa = PBXResourcesBuildPhase;
			buildActionMask = 2147483647;
			files = (
				9211B0E82C6BCB460097AF77 /* Preview Assets.xcassets in Resources */,
				9211B0E52C6BCB460097AF77 /* Assets.xcassets in Resources */,
				9211B0EF2C6BCBCE0097AF77 /* GoogleService-Info.plist in Resources */,
			);
			runOnlyForDeploymentPostprocessing = 0;
		};
/* End PBXResourcesBuildPhase section */

/* Begin PBXSourcesBuildPhase section */
		9211B0D92C6BCB450097AF77 /* Sources */ = {
			isa = PBXSourcesBuildPhase;
			buildActionMask = 2147483647;
			files = (
				9211B1082C6BD3680097AF77 /* LoginView.swift in Sources */,
				9211B0E32C6BCB450097AF77 /* MainView.swift in Sources */,
				9211B11C2C6BDCB20097AF77 /* RegisterViewViewModel.swift in Sources */,
				9211B11E2C6BDCC80097AF77 /* ToDolistItemViewViewModel.swift in Sources */,
				9211B1122C6BDC270097AF77 /* MainViewViewModel.swift in Sources */,
				9211B10C2C6BDB5C0097AF77 /* ToDoListView.swift in Sources */,
				9211B1042C6BD34B0097AF77 /* ToDoListItemView.swift in Sources */,
				9211B1142C6BDC470097AF77 /* ProfileViewViewModel.swift in Sources */,
				9211B10A2C6BD37B0097AF77 /* RegisterView.swift in Sources */,
				9211B10E2C6BDBA00097AF77 /* user.swift in Sources */,
				9211B1002C6BD30B0097AF77 /* ProfileView.swift in Sources */,
				9211B1162C6BDC6B0097AF77 /* ToDoListViewViewModel.swift in Sources */,
				9211B11A2C6BDCA40097AF77 /* LoginViewViewModel.swift in Sources */,
				9211B0E12C6BCB450097AF77 /* ToDoListApp.swift in Sources */,
				9211B1102C6BDBB90097AF77 /* ToDoListItem.swift in Sources */,
				9211B1062C6BD35B0097AF77 /* NewItemView.swift in Sources */,
				9211B1182C6BDC900097AF77 /* NewItemViewViewModel.swift in Sources */,
			);
			runOnlyForDeploymentPostprocessing = 0;
		};
/* End PBXSourcesBuildPhase section */

/* Begin XCBuildConfiguration section */
		9211B0E92C6BCB460097AF77 /* Debug */ = {
			isa = XCBuildConfiguration;
			buildSettings = {
				ALWAYS_SEARCH_USER_PATHS = NO;
				ASSETCATALOG_COMPILER_GENERATE_SWIFT_ASSET_SYMBOL_EXTENSIONS = YES;
				CLANG_ANALYZER_NONNULL = YES;
				CLANG_ANALYZER_NUMBER_OBJECT_CONVERSION = YES_AGGRESSIVE;
				CLANG_CXX_LANGUAGE_STANDARD = "gnu++20";
				CLANG_ENABLE_MODULES = YES;
				CLANG_ENABLE_OBJC_ARC = YES;
				CLANG_ENABLE_OBJC_WEAK = YES;
				CLANG_WARN_BLOCK_CAPTURE_AUTORELEASING = YES;
				CLANG_WARN_BOOL_CONVERSION = YES;
				CLANG_WARN_COMMA = YES;
				CLANG_WARN_CONSTANT_CONVERSION = YES;
				CLANG_WARN_DEPRECATED_OBJC_IMPLEMENTATIONS = YES;
				CLANG_WARN_DIRECT_OBJC_ISA_USAGE = YES_ERROR;
				CLANG_WARN_DOCUMENTATION_COMMENTS = YES;
				CLANG_WARN_EMPTY_BODY = YES;
				CLANG_WARN_ENUM_CONVERSION = YES;
				CLANG_WARN_INFINITE_RECURSION = YES;
				CLANG_WARN_INT_CONVERSION = YES;
				CLANG_WARN_NON_LITERAL_NULL_CONVERSION = YES;
				CLANG_WARN_OBJC_IMPLICIT_RETAIN_SELF = YES;
				CLANG_WARN_OBJC_LITERAL_CONVERSION = YES;
				CLANG_WARN_OBJC_ROOT_CLASS = YES_ERROR;
				CLANG_WARN_QUOTED_INCLUDE_IN_FRAMEWORK_HEADER = YES;
				CLANG_WARN_RANGE_LOOP_ANALYSIS = YES;
				CLANG_WARN_STRICT_PROTOTYPES = YES;
				CLANG_WARN_SUSPICIOUS_MOVE = YES;
				CLANG_WARN_UNGUARDED_AVAILABILITY = YES_AGGRESSIVE;
				CLANG_WARN_UNREACHABLE_CODE = YES;
				CLANG_WARN__DUPLICATE_METHOD_MATCH = YES;
				COPY_PHASE_STRIP = NO;
				DEBUG_INFORMATION_FORMAT = dwarf;
				ENABLE_STRICT_OBJC_MSGSEND = YES;
				ENABLE_TESTABILITY = YES;
				ENABLE_USER_SCRIPT_SANDBOXING = YES;
				GCC_C_LANGUAGE_STANDARD = gnu17;
				GCC_DYNAMIC_NO_PIC = NO;
				GCC_NO_COMMON_BLOCKS = YES;
				GCC_OPTIMIZATION_LEVEL = 0;
				GCC_PREPROCESSOR_DEFINITIONS = (
					"DEBUG=1",
					"$(inherited)",
				);
				GCC_WARN_64_TO_32_BIT_CONVERSION = YES;
				GCC_WARN_ABOUT_RETURN_TYPE = YES_ERROR;
				GCC_WARN_UNDECLARED_SELECTOR = YES;
				GCC_WARN_UNINITIALIZED_AUTOS = YES_AGGRESSIVE;
				GCC_WARN_UNUSED_FUNCTION = YES;
				GCC_WARN_UNUSED_VARIABLE = YES;
				IPHONEOS_DEPLOYMENT_TARGET = 17.5;
				LOCALIZATION_PREFERS_STRING_CATALOGS = YES;
				MTL_ENABLE_DEBUG_INFO = INCLUDE_SOURCE;
				MTL_FAST_MATH = YES;
				ONLY_ACTIVE_ARCH = YES;
				SDKROOT = iphoneos;
				SWIFT_ACTIVE_COMPILATION_CONDITIONS = "DEBUG $(inherited)";
				SWIFT_OPTIMIZATION_LEVEL = "-Onone";
			};
			name = Debug;
		};
		9211B0EA2C6BCB460097AF77 /* Release */ = {
			isa = XCBuildConfiguration;
			buildSettings = {
				ALWAYS_SEARCH_USER_PATHS = NO;
				ASSETCATALOG_COMPILER_GENERATE_SWIFT_ASSET_SYMBOL_EXTENSIONS = YES;
				CLANG_ANALYZER_NONNULL = YES;
				CLANG_ANALYZER_NUMBER_OBJECT_CONVERSION = YES_AGGRESSIVE;
				CLANG_CXX_LANGUAGE_STANDARD = "gnu++20";
				CLANG_ENABLE_MODULES = YES;
				CLANG_ENABLE_OBJC_ARC = YES;
				CLANG_ENABLE_OBJC_WEAK = YES;
				CLANG_WARN_BLOCK_CAPTURE_AUTORELEASING = YES;
				CLANG_WARN_BOOL_CONVERSION = YES;
				CLANG_WARN_COMMA = YES;
				CLANG_WARN_CONSTANT_CONVERSION = YES;
				CLANG_WARN_DEPRECATED_OBJC_IMPLEMENTATIONS = YES;
				CLANG_WARN_DIRECT_OBJC_ISA_USAGE = YES_ERROR;
				CLANG_WARN_DOCUMENTATION_COMMENTS = YES;
				CLANG_WARN_EMPTY_BODY = YES;
				CLANG_WARN_ENUM_CONVERSION = YES;
				CLANG_WARN_INFINITE_RECURSION = YES;
				CLANG_WARN_INT_CONVERSION = YES;
				CLANG_WARN_NON_LITERAL_NULL_CONVERSION = YES;
				CLANG_WARN_OBJC_IMPLICIT_RETAIN_SELF = YES;
				CLANG_WARN_OBJC_LITERAL_CONVERSION = YES;
				CLANG_WARN_OBJC_ROOT_CLASS = YES_ERROR;
				CLANG_WARN_QUOTED_INCLUDE_IN_FRAMEWORK_HEADER = YES;
				CLANG_WARN_RANGE_LOOP_ANALYSIS = YES;
				CLANG_WARN_STRICT_PROTOTYPES = YES;
				CLANG_WARN_SUSPICIOUS_MOVE = YES;
				CLANG_WARN_UNGUARDED_AVAILABILITY = YES_AGGRESSIVE;
				CLANG_WARN_UNREACHABLE_CODE = YES;
				CLANG_WARN__DUPLICATE_METHOD_MATCH = YES;
				COPY_PHASE_STRIP = NO;
				DEBUG_INFORMATION_FORMAT = "dwarf-with-dsym";
				ENABLE_NS_ASSERTIONS = NO;
				ENABLE_STRICT_OBJC_MSGSEND = YES;
				ENABLE_USER_SCRIPT_SANDBOXING = YES;
				GCC_C_LANGUAGE_STANDARD = gnu17;
				GCC_NO_COMMON_BLOCKS = YES;
				GCC_WARN_64_TO_32_BIT_CONVERSION = YES;
				GCC_WARN_ABOUT_RETURN_TYPE = YES_ERROR;
				GCC_WARN_UNDECLARED_SELECTOR = YES;
				GCC_WARN_UNINITIALIZED_AUTOS = YES_AGGRESSIVE;
				GCC_WARN_UNUSED_FUNCTION = YES;
				GCC_WARN_UNUSED_VARIABLE = YES;
				IPHONEOS_DEPLOYMENT_TARGET = 17.5;
				LOCALIZATION_PREFERS_STRING_CATALOGS = YES;
				MTL_ENABLE_DEBUG_INFO = NO;
				MTL_FAST_MATH = YES;
				SDKROOT = iphoneos;
				SWIFT_COMPILATION_MODE = wholemodule;
				VALIDATE_PRODUCT = YES;
			};
			name = Release;
		};
		9211B0EC2C6BCB460097AF77 /* Debug */ = {
			isa = XCBuildConfiguration;
			buildSettings = {
				ASSETCATALOG_COMPILER_APPICON_NAME = AppIcon;
				ASSETCATALOG_COMPILER_GLOBAL_ACCENT_COLOR_NAME = AccentColor;
				CODE_SIGN_STYLE = Automatic;
				CURRENT_PROJECT_VERSION = 1;
				DEVELOPMENT_ASSET_PATHS = "\"ToDoList/Preview Content\"";
				DEVELOPMENT_TEAM = 85KBKWW8PZ;
				ENABLE_PREVIEWS = YES;
				GENERATE_INFOPLIST_FILE = YES;
				INFOPLIST_KEY_CFBundleDisplayName = "To Do List";
				INFOPLIST_KEY_LSApplicationCategoryType = "public.app-category.productivity";
				INFOPLIST_KEY_UIApplicationSceneManifest_Generation = YES;
				INFOPLIST_KEY_UIApplicationSupportsIndirectInputEvents = YES;
				INFOPLIST_KEY_UILaunchScreen_Generation = YES;
				INFOPLIST_KEY_UISupportedInterfaceOrientations = UIInterfaceOrientationPortrait;
				IPHONEOS_DEPLOYMENT_TARGET = 15.0;
				LD_RUNPATH_SEARCH_PATHS = (
					"$(inherited)",
					"@executable_path/Frameworks",
				);
				MARKETING_VERSION = 1.0;
				PRODUCT_BUNDLE_IDENTIFIER = "paul-rodriguez.ToDoList";
				PRODUCT_NAME = "$(TARGET_NAME)";
				SWIFT_EMIT_LOC_STRINGS = YES;
				SWIFT_VERSION = 5.0;
				TARGETED_DEVICE_FAMILY = "1,2";
			};
			name = Debug;
		};
		9211B0ED2C6BCB460097AF77 /* Release */ = {
			isa = XCBuildConfiguration;
			buildSettings = {
				ASSETCATALOG_COMPILER_APPICON_NAME = AppIcon;
				ASSETCATALOG_COMPILER_GLOBAL_ACCENT_COLOR_NAME = AccentColor;
				CODE_SIGN_STYLE = Automatic;
				CURRENT_PROJECT_VERSION = 1;
				DEVELOPMENT_ASSET_PATHS = "\"ToDoList/Preview Content\"";
				DEVELOPMENT_TEAM = 85KBKWW8PZ;
				ENABLE_PREVIEWS = YES;
				GENERATE_INFOPLIST_FILE = YES;
				INFOPLIST_KEY_CFBundleDisplayName = "To Do List";
				INFOPLIST_KEY_LSApplicationCategoryType = "public.app-category.productivity";
				INFOPLIST_KEY_UIApplicationSceneManifest_Generation = YES;
				INFOPLIST_KEY_UIApplicationSupportsIndirectInputEvents = YES;
				INFOPLIST_KEY_UILaunchScreen_Generation = YES;
				INFOPLIST_KEY_UISupportedInterfaceOrientations = UIInterfaceOrientationPortrait;
				IPHONEOS_DEPLOYMENT_TARGET = 15.0;
				LD_RUNPATH_SEARCH_PATHS = (
					"$(inherited)",
					"@executable_path/Frameworks",
				);
				MARKETING_VERSION = 1.0;
				PRODUCT_BUNDLE_IDENTIFIER = "paul-rodriguez.ToDoList";
				PRODUCT_NAME = "$(TARGET_NAME)";
				SWIFT_EMIT_LOC_STRINGS = YES;
				SWIFT_VERSION = 5.0;
				TARGETED_DEVICE_FAMILY = "1,2";
			};
			name = Release;
		};
/* End XCBuildConfiguration section */

/* Begin XCConfigurationList section */
		9211B0D82C6BCB450097AF77 /* Build configuration list for PBXProject "ToDoList" */ = {
			isa = XCConfigurationList;
			buildConfigurations = (
				9211B0E92C6BCB460097AF77 /* Debug */,
				9211B0EA2C6BCB460097AF77 /* Release */,
			);
			defaultConfigurationIsVisible = 0;
			defaultConfigurationName = Release;
		};
		9211B0EB2C6BCB460097AF77 /* Build configuration list for PBXNativeTarget "ToDoList" */ = {
			isa = XCConfigurationList;
			buildConfigurations = (
				9211B0EC2C6BCB460097AF77 /* Debug */,
				9211B0ED2C6BCB460097AF77 /* Release */,
			);
			defaultConfigurationIsVisible = 0;
			defaultConfigurationName = Release;
		};
/* End XCConfigurationList section */

/* Begin XCRemoteSwiftPackageReference section */
		9211B0F02C6BCDA50097AF77 /* XCRemoteSwiftPackageReference "firebase-ios-sdk" */ = {
			isa = XCRemoteSwiftPackageReference;
			repositoryURL = "https://github.com/firebase/firebase-ios-sdk.git";
			requirement = {
				kind = exactVersion;
				version = 10.4.0;
			};
		};
/* End XCRemoteSwiftPackageReference section */

/* Begin XCSwiftPackageProductDependency section */
		9211B0F12C6BCDA50097AF77 /* FirebaseAnalytics */ = {
			isa = XCSwiftPackageProductDependency;
			package = 9211B0F02C6BCDA50097AF77 /* XCRemoteSwiftPackageReference "firebase-ios-sdk" */;
			productName = FirebaseAnalytics;
		};
		9211B0F32C6BCDA50097AF77 /* FirebaseAnalyticsSwift */ = {
			isa = XCSwiftPackageProductDependency;
			package = 9211B0F02C6BCDA50097AF77 /* XCRemoteSwiftPackageReference "firebase-ios-sdk" */;
			productName = FirebaseAnalyticsSwift;
		};
		9211B0F52C6BCDA50097AF77 /* FirebaseAuth */ = {
			isa = XCSwiftPackageProductDependency;
			package = 9211B0F02C6BCDA50097AF77 /* XCRemoteSwiftPackageReference "firebase-ios-sdk" */;
			productName = FirebaseAuth;
		};
		9211B0F72C6BCDA50097AF77 /* FirebaseFirestore */ = {
			isa = XCSwiftPackageProductDependency;
			package = 9211B0F02C6BCDA50097AF77 /* XCRemoteSwiftPackageReference "firebase-ios-sdk" */;
			productName = FirebaseFirestore;
		};
		9211B0F92C6BCDA50097AF77 /* FirebaseFirestoreSwift */ = {
			isa = XCSwiftPackageProductDependency;
			package = 9211B0F02C6BCDA50097AF77 /* XCRemoteSwiftPackageReference "firebase-ios-sdk" */;
			productName = FirebaseFirestoreSwift;
		};
/* End XCSwiftPackageProductDependency section */
	};
	rootObject = 9211B0D52C6BCB450097AF77 /* Project object */;
}
